
Microsoft Visual Studio Solution File, Format Version 12.00
# Visual Studio 15
VisualStudioVersion = 15.0.28307.421
MinimumVisualStudioVersion = 10.0.40219.1
Project("{DA7A21FA-8162-4350-AD77-A8D1B671F3ED}") = "Assignment2", "Assignment2\Assignment2.rxproj", "{EEEB3415-B759-4CC2-804A-4A3956C8A767}"
EndProject
Global
	GlobalSection(SolutionConfigurationPlatforms) = preSolution
		Debug|Any CPU = Debug|Any CPU
		Release|Any CPU = Release|Any CPU
	EndGlobalSection
	GlobalSection(ProjectConfigurationPlatforms) = postSolution
		{EEEB3415-B759-4CC2-804A-4A3956C8A767}.Debug|Any CPU.ActiveCfg = Debug|Any CPU
		{EEEB3415-B759-4CC2-804A-4A3956C8A767}.Debug|Any CPU.Build.0 = Debug|Any CPU
		{EEEB3415-B759-4CC2-804A-4A3956C8A767}.Release|Any CPU.ActiveCfg = Release|Any CPU
		{EEEB3415-B759-4CC2-804A-4A3956C8A767}.Release|Any CPU.Build.0 = Release|Any CPU
	EndGlobalSection
	GlobalSection(SolutionProperties) = preSolution
		HideSolutionNode = FALSE
	EndGlobalSection
	GlobalSection(ExtensibilityGlobals) = postSolution
		SolutionGuid = {C6617636-FABF-463C-8064-D73476E85E9F}
	EndGlobalSection
EndGlobal
